
Microsoft Visual Studio Solution File, Format Version 12.00
# Visual Studio Version 17
VisualStudioVersion = 17.11.35327.3
MinimumVisualStudioVersion = 10.0.40219.1
Project("{FAE04EC0-301F-11D3-BF4B-00C04F79EFBC}") = "Library-MS", "Library-MS\Library-MS.csproj", "{B759B09E-5528-4DF2-A49B-4BFE707B9427}"
EndProject
Global
	GlobalSection(SolutionConfigurationPlatforms) = preSolution
		Debug|Any CPU = Debug|Any CPU
		Release|Any CPU = Release|Any CPU
	EndGlobalSection
	GlobalSection(ProjectConfigurationPlatforms) = postSolution
		{B759B09E-5528-4DF2-A49B-4BFE707B9427}.Debug|Any CPU.ActiveCfg = Debug|Any CPU
		{B759B09E-5528-4DF2-A49B-4BFE707B9427}.Debug|Any CPU.Build.0 = Debug|Any CPU
		{B759B09E-5528-4DF2-A49B-4BFE707B9427}.Release|Any CPU.ActiveCfg = Release|Any CPU
		{B759B09E-5528-4DF2-A49B-4BFE707B9427}.Release|Any CPU.Build.0 = Release|Any CPU
	EndGlobalSection
	GlobalSection(SolutionProperties) = preSolution
		HideSolutionNode = FALSE
	EndGlobalSection
	GlobalSection(ExtensibilityGlobals) = postSolution
		SolutionGuid = {89A1287E-2B1E-490C-B7FD-B9E980E65B02}
	EndGlobalSection
EndGlobal
